
Microsoft Visual Studio Solution File, Format Version 12.00
# Visual Studio Version 16
VisualStudioVersion = 16.0.29728.190
MinimumVisualStudioVersion = 10.0.40219.1
Project("{FAE04EC0-301F-11D3-BF4B-00C04F79EFBC}") = "GroceryStore.WebApi", "src\GroceryStore.WebApi\GroceryStore.WebApi.csproj", "{06D37C68-1359-4064-B374-E8ECAE94BF18}"
EndProject
Global
	GlobalSection(SolutionConfigurationPlatforms) = preSolution
		Debug|Any CPU = Debug|Any CPU
		Release|Any CPU = Release|Any CPU
	EndGlobalSection
	GlobalSection(ProjectConfigurationPlatforms) = postSolution
		{06D37C68-1359-4064-B374-E8ECAE94BF18}.Debug|Any CPU.ActiveCfg = Debug|Any CPU
		{06D37C68-1359-4064-B374-E8ECAE94BF18}.Debug|Any CPU.Build.0 = Debug|Any CPU
		{06D37C68-1359-4064-B374-E8ECAE94BF18}.Release|Any CPU.ActiveCfg = Release|Any CPU
		{06D37C68-1359-4064-B374-E8ECAE94BF18}.Release|Any CPU.Build.0 = Release|Any CPU
	EndGlobalSection
	GlobalSection(SolutionProperties) = preSolution
		HideSolutionNode = FALSE
	EndGlobalSection
	GlobalSection(ExtensibilityGlobals) = postSolution
		SolutionGuid = {B7288FAF-7FB2-43E8-AFE6-F6A2B723088C}
	EndGlobalSection
EndGlobal
